
Microsoft Visual Studio Solution File, Format Version 12.00
# Visual Studio Version 16
VisualStudioVersion = 16.0.31410.357
MinimumVisualStudioVersion = 10.0.40219.1
Project("{9A19103F-16F7-4668-BE54-9A1E7A4F7556}") = "LogisticsManagementSystem_API", "LogisticsManagementSystem_API\LogisticsManagementSystem_API.csproj", "{D20F50A5-E607-4884-81CB-B22EF9B12638}"
EndProject
Project("{9A19103F-16F7-4668-BE54-9A1E7A4F7556}") = "LogisticsManagementSystem_MODEL", "LogisticsManagementSystem_MODEL\LogisticsManagementSystem_MODEL.csproj", "{C5B84C5E-2403-478B-8903-739617DE6A47}"
EndProject
Project("{9A19103F-16F7-4668-BE54-9A1E7A4F7556}") = "LogisticsManagementSystem_DAL", "LogisticsManagementSystem_DAL\LogisticsManagementSystem_DAL.csproj", "{32BC9A27-FDCC-45C1-9266-C93552DAC4B8}"
EndProject
Project("{9A19103F-16F7-4668-BE54-9A1E7A4F7556}") = "LogisticsManagementSystem_IDAL", "LogisticsManagementSystem_IDAL\LogisticsManagementSystem_IDAL.csproj", "{0E3BE0AE-3B2E-4792-9C77-F66A8C52F3F4}"
EndProject
Project("{FAE04EC0-301F-11D3-BF4B-00C04F79EFBC}") = "LogisticsManagementSystem_Common", "LogisticsManagementSystem_Common\LogisticsManagementSystem_Common.csproj", "{4BD0B5EB-97B8-4B05-A09F-5A1EC86181D9}"
EndProject
Global
	GlobalSection(SolutionConfigurationPlatforms) = preSolution
		Debug|Any CPU = Debug|Any CPU
		Release|Any CPU = Release|Any CPU
	EndGlobalSection
	GlobalSection(ProjectConfigurationPlatforms) = postSolution
		{D20F50A5-E607-4884-81CB-B22EF9B12638}.Debug|Any CPU.ActiveCfg = Debug|Any CPU
		{D20F50A5-E607-4884-81CB-B22EF9B12638}.Debug|Any CPU.Build.0 = Debug|Any CPU
		{D20F50A5-E607-4884-81CB-B22EF9B12638}.Release|Any CPU.ActiveCfg = Release|Any CPU
		{D20F50A5-E607-4884-81CB-B22EF9B12638}.Release|Any CPU.Build.0 = Release|Any CPU
		{C5B84C5E-2403-478B-8903-739617DE6A47}.Debug|Any CPU.ActiveCfg = Debug|Any CPU
		{C5B84C5E-2403-478B-8903-739617DE6A47}.Debug|Any CPU.Build.0 = Debug|Any CPU
		{C5B84C5E-2403-478B-8903-739617DE6A47}.Release|Any CPU.ActiveCfg = Release|Any CPU
		{C5B84C5E-2403-478B-8903-739617DE6A47}.Release|Any CPU.Build.0 = Release|Any CPU
		{32BC9A27-FDCC-45C1-9266-C93552DAC4B8}.Debug|Any CPU.ActiveCfg = Debug|Any CPU
		{32BC9A27-FDCC-45C1-9266-C93552DAC4B8}.Debug|Any CPU.Build.0 = Debug|Any CPU
		{32BC9A27-FDCC-45C1-9266-C93552DAC4B8}.Release|Any CPU.ActiveCfg = Release|Any CPU
		{32BC9A27-FDCC-45C1-9266-C93552DAC4B8}.Release|Any CPU.Build.0 = Release|Any CPU
		{0E3BE0AE-3B2E-4792-9C77-F66A8C52F3F4}.Debug|Any CPU.ActiveCfg = Debug|Any CPU
		{0E3BE0AE-3B2E-4792-9C77-F66A8C52F3F4}.Debug|Any CPU.Build.0 = Debug|Any CPU
		{0E3BE0AE-3B2E-4792-9C77-F66A8C52F3F4}.Release|Any CPU.ActiveCfg = Release|Any CPU
		{0E3BE0AE-3B2E-4792-9C77-F66A8C52F3F4}.Release|Any CPU.Build.0 = Release|Any CPU
		{4BD0B5EB-97B8-4B05-A09F-5A1EC86181D9}.Debug|Any CPU.ActiveCfg = Debug|Any CPU
		{4BD0B5EB-97B8-4B05-A09F-5A1EC86181D9}.Debug|Any CPU.Build.0 = Debug|Any CPU
		{4BD0B5EB-97B8-4B05-A09F-5A1EC86181D9}.Release|Any CPU.ActiveCfg = Release|Any CPU
		{4BD0B5EB-97B8-4B05-A09F-5A1EC86181D9}.Release|Any CPU.Build.0 = Release|Any CPU
	EndGlobalSection
	GlobalSection(SolutionProperties) = preSolution
		HideSolutionNode = FALSE
	EndGlobalSection
	GlobalSection(ExtensibilityGlobals) = postSolution
		SolutionGuid = {D0750A33-F93C-4B87-A249-44B13718B9A1}
	EndGlobalSection
EndGlobal
